
Microsoft Visual Studio Solution File, Format Version 12.00
# Visual Studio Version 17
VisualStudioVersion = 17.13.35828.75 d17.13
MinimumVisualStudioVersion = 10.0.40219.1
Project("{FAE04EC0-301F-11D3-BF4B-00C04F79EFBC}") = "WeatherCS", "WeatherCS\WeatherCS.csproj", "{39D8A6D2-E57D-4D71-A269-FA17C6B6D915}"
EndProject
Global
	GlobalSection(SolutionConfigurationPlatforms) = preSolution
		Debug|Any CPU = Debug|Any CPU
		Release|Any CPU = Release|Any CPU
	EndGlobalSection
	GlobalSection(ProjectConfigurationPlatforms) = postSolution
		{39D8A6D2-E57D-4D71-A269-FA17C6B6D915}.Debug|Any CPU.ActiveCfg = Debug|Any CPU
		{39D8A6D2-E57D-4D71-A269-FA17C6B6D915}.Debug|Any CPU.Build.0 = Debug|Any CPU
		{39D8A6D2-E57D-4D71-A269-FA17C6B6D915}.Release|Any CPU.ActiveCfg = Release|Any CPU
	EndGlobalSection
	GlobalSection(SolutionProperties) = preSolution
		HideSolutionNode = FALSE
	EndGlobalSection
	GlobalSection(ExtensibilityGlobals) = postSolution
		SolutionGuid = {E188DE32-0415-434D-8954-6FCB25ED46FB}
	EndGlobalSection
EndGlobal
